<?xml version="1.0" encoding="utf-8"?>
<Project ToolsVersion="4.0" xmlns="http://schemas.microsoft.com/developer/msbuild/2003">
  <ItemGroup>
    <Filter Include="Source Files">
      <UniqueIdentifier>{4FC737F1-C7A5-4376-A066-2A32D752A2FF}</UniqueIdentifier>
      <Extensions>cpp;cxx;c;def</Extensions>
    </Filter>
    <Filter Include="Header Files">
      <UniqueIdentifier>{93995380-89BD-4b04-88EB-625FBE52EBFB}</UniqueIdentifier>
      <Extensions>h</Extensions>
    </Filter>
    <Filter Include="Form Files">
      <UniqueIdentifier>{99349809-55BA-4b9d-BF79-8FDBB0286EB3}</UniqueIdentifier>
      <Extensions>ui</Extensions>
    </Filter>
    <Filter Include="Resource Files">
      <UniqueIdentifier>{D9D6E242-F8AF-46E4-B9FD-80ECBC20BA3E}</UniqueIdentifier>
      <Extensions>qrc;*</Extensions>
      <ParseFiles>false</ParseFiles>
    </Filter>
    <Filter Include="Generated Files">
      <UniqueIdentifier>{71ED8ED8-ACB9-4CE9-BBE1-E00B30144E11}</UniqueIdentifier>
      <Extensions>moc;h;cpp</Extensions>
      <SourceControlFiles>False</SourceControlFiles>
    </Filter>
    <Filter Include="Generated Files\Debug">
      <UniqueIdentifier>{4bce157d-66f7-422e-8e0e-e4b27d13f3e3}</UniqueIdentifier>
      <Extensions>cpp;moc</Extensions>
      <SourceControlFiles>False</SourceControlFiles>
    </Filter>
    <Filter Include="Generated Files\Release">
      <UniqueIdentifier>{4a44dd1f-09d7-4265-bdae-3bc8b4f580ae}</UniqueIdentifier>
      <Extensions>cpp;moc</Extensions>
      <SourceControlFiles>False</SourceControlFiles>
    </Filter>
    <Filter Include="Source Files\kinematics">
      <UniqueIdentifier>{3e2a5dae-1266-401d-96bc-9e9f561317d1}</UniqueIdentifier>
    </Filter>
  </ItemGroup>
  <ItemGroup>
    <ClCompile Include="main.cpp">
      <Filter>Source Files</Filter>
    </ClCompile>
    <ClCompile Include="MainWindow.cpp">
      <Filter>Source Files</Filter>
    </ClCompile>
    <ClCompile Include="GeneratedFiles\Debug\moc_MainWindow.cpp">
      <Filter>Generated Files\Debug</Filter>
    </ClCompile>
    <ClCompile Include="GeneratedFiles\Release\moc_MainWindow.cpp">
      <Filter>Generated Files\Release</Filter>
    </ClCompile>
    <ClCompile Include="GeneratedFiles\qrc_MainWindow.cpp">
      <Filter>Generated Files</Filter>
    </ClCompile>
    <ClCompile Include="Camera.cpp">
      <Filter>Source Files</Filter>
    </ClCompile>
    <ClCompile Include="RenderManager.cpp">
      <Filter>Source Files</Filter>
    </ClCompile>
    <ClCompile Include="ShadowMapping.cpp">
      <Filter>Source Files</Filter>
    </ClCompile>
    <ClCompile Include="Shader.cpp">
      <Filter>Source Files</Filter>
    </ClCompile>
    <ClCompile Include="BoundingBox.cpp">
      <Filter>Source Files</Filter>
    </ClCompile>
    <ClCompile Include="Shape.cpp">
      <Filter>Source Files</Filter>
    </ClCompile>
    <ClCompile Include="Rectangle.cpp">
      <Filter>Source Files</Filter>
    </ClCompile>
    <ClCompile Include="Circle.cpp">
      <Filter>Source Files</Filter>
    </ClCompile>
    <ClCompile Include="Polygon.cpp">
      <Filter>Source Files</Filter>
    </ClCompile>
    <ClCompile Include="Operation.cpp">
      <Filter>Source Files</Filter>
    </ClCompile>
    <ClCompile Include="History.cpp">
      <Filter>Source Files</Filter>
    </ClCompile>
    <ClCompile Include="..\kinematics\kinematics\BBox.cpp">
      <Filter>Source Files\kinematics</Filter>
    </ClCompile>
    <ClCompile Include="..\kinematics\kinematics\BodyGeometry.cpp">
      <Filter>Source Files\kinematics</Filter>
    </ClCompile>
    <ClCompile Include="..\kinematics\kinematics\Gear.cpp">
      <Filter>Source Files\kinematics</Filter>
    </ClCompile>
    <ClCompile Include="..\kinematics\kinematics\Joint.cpp">
      <Filter>Source Files\kinematics</Filter>
    </ClCompile>
    <ClCompile Include="..\kinematics\kinematics\KinematicDiagram.cpp">
      <Filter>Source Files\kinematics</Filter>
    </ClCompile>
    <ClCompile Include="..\kinematics\kinematics\Kinematics.cpp">
      <Filter>Source Files\kinematics</Filter>
    </ClCompile>
    <ClCompile Include="..\kinematics\kinematics\KinematicUtils.cpp">
      <Filter>Source Files\kinematics</Filter>
    </ClCompile>
    <ClCompile Include="..\kinematics\kinematics\LeastSquareSolver.cpp">
      <Filter>Source Files\kinematics</Filter>
    </ClCompile>
    <ClCompile Include="..\kinematics\kinematics\Link.cpp">
      <Filter>Source Files\kinematics</Filter>
    </ClCompile>
    <ClCompile Include="..\kinematics\kinematics\LinkageSynthesis4R.cpp">
      <Filter>Source Files\kinematics</Filter>
    </ClCompile>
    <ClCompile Include="..\kinematics\kinematics\LinkageSynthesisRRRP.cpp">
      <Filter>Source Files\kinematics</Filter>
    </ClCompile>
    <ClCompile Include="..\kinematics\kinematics\PinJoint.cpp">
      <Filter>Source Files\kinematics</Filter>
    </ClCompile>
    <ClCompile Include="..\kinematics\kinematics\SliderHinge.cpp">
      <Filter>Source Files\kinematics</Filter>
    </ClCompile>
    <ClCompile Include="..\kinematics\kinematics\Solution.cpp">
      <Filter>Source Files\kinematics</Filter>
    </ClCompile>
    <ClCompile Include="LinkageSynthesisOptionDialog.cpp">
      <Filter>Source Files</Filter>
    </ClCompile>
    <ClCompile Include="GeneratedFiles\Debug\moc_LinkageSynthesisOptionDialog.cpp">
      <Filter>Generated Files\Debug</Filter>
    </ClCompile>
    <ClCompile Include="GeneratedFiles\Release\moc_LinkageSynthesisOptionDialog.cpp">
      <Filter>Generated Files\Release</Filter>
    </ClCompile>
    <ClCompile Include="GLWidget3D.cpp">
      <Filter>Source Files</Filter>
    </ClCompile>
    <ClCompile Include="GeneratedFiles\Debug\moc_GLWidget3D.cpp">
      <Filter>Generated Files\Debug</Filter>
    </ClCompile>
    <ClCompile Include="GeneratedFiles\Release\moc_GLWidget3D.cpp">
      <Filter>Generated Files\Release</Filter>
    </ClCompile>
    <ClCompile Include="OptionDialog.cpp">
      <Filter>Source Files</Filter>
    </ClCompile>
    <ClCompile Include="GeneratedFiles\Debug\moc_OptionDialog.cpp">
      <Filter>Generated Files\Debug</Filter>
    </ClCompile>
    <ClCompile Include="GeneratedFiles\Release\moc_OptionDialog.cpp">
      <Filter>Generated Files\Release</Filter>
    </ClCompile>
    <ClCompile Include="..\kinematics\kinematics\JointConnector.cpp">
      <Filter>Source Files\kinematics</Filter>
    </ClCompile>
    <ClCompile Include="..\kinematics\kinematics\ZOrder.cpp">
      <Filter>Source Files\kinematics</Filter>
    </ClCompile>
    <ClCompile Include="Design.cpp">
      <Filter>Source Files</Filter>
    </ClCompile>
    <ClCompile Include="..\kinematics\kinematics\clipper.cpp">
      <Filter>Source Files\kinematics</Filter>
    </ClCompile>
    <ClCompile Include="..\kinematics\kinematics\LinkageSynthesis.cpp">
      <Filter>Source Files\kinematics</Filter>
    </ClCompile>
    <ClCompile Include="..\kinematics\kinematics\SCADExporter.cpp">
      <Filter>Source Files\kinematics</Filter>
    </ClCompile>
    <ClCompile Include="..\kinematics\kinematics\STLExporter.cpp">
      <Filter>Source Files\kinematics</Filter>
    </ClCompile>
    <ClCompile Include="..\kinematics\kinematics\GLUtils.cpp">
      <Filter>Source Files\kinematics</Filter>
    </ClCompile>
  </ItemGroup>
  <ItemGroup>
    <CustomBuild Include="MainWindow.h">
      <Filter>Header Files</Filter>
    </CustomBuild>
    <CustomBuild Include="MainWindow.ui">
      <Filter>Form Files</Filter>
    </CustomBuild>
    <CustomBuild Include="MainWindow.qrc">
      <Filter>Resource Files</Filter>
    </CustomBuild>
    <CustomBuild Include="LinkageSynthesisOptionDialog.h">
      <Filter>Header Files</Filter>
    </CustomBuild>
    <CustomBuild Include="LinkageSynthesisOptionDialog.ui">
      <Filter>Form Files</Filter>
    </CustomBuild>
    <CustomBuild Include="GLWidget3D.h">
      <Filter>Header Files</Filter>
    </CustomBuild>
    <CustomBuild Include="OptionDialog.h">
      <Filter>Header Files</Filter>
    </CustomBuild>
    <CustomBuild Include="OptionDialog.ui">
      <Filter>Form Files</Filter>
    </CustomBuild>
  </ItemGroup>
  <ItemGroup>
    <ClInclude Include="GeneratedFiles\ui_MainWindow.h">
      <Filter>Generated Files</Filter>
    </ClInclude>
    <ClInclude Include="Camera.h">
      <Filter>Header Files</Filter>
    </ClInclude>
    <ClInclude Include="RenderManager.h">
      <Filter>Header Files</Filter>
    </ClInclude>
    <ClInclude Include="ShadowMapping.h">
      <Filter>Header Files</Filter>
    </ClInclude>
    <ClInclude Include="Shader.h">
      <Filter>Header Files</Filter>
    </ClInclude>
    <ClInclude Include="BoundingBox.h">
      <Filter>Header Files</Filter>
    </ClInclude>
    <ClInclude Include="Shape.h">
      <Filter>Header Files</Filter>
    </ClInclude>
    <ClInclude Include="Rectangle.h">
      <Filter>Header Files</Filter>
    </ClInclude>
    <ClInclude Include="Polygon.h">
      <Filter>Header Files</Filter>
    </ClInclude>
    <ClInclude Include="Circle.h">
      <Filter>Header Files</Filter>
    </ClInclude>
    <ClInclude Include="Operation.h">
      <Filter>Header Files</Filter>
    </ClInclude>
    <ClInclude Include="History.h">
      <Filter>Header Files</Filter>
    </ClInclude>
    <ClInclude Include="..\kinematics\kinematics\BBox.h">
      <Filter>Source Files\kinematics</Filter>
    </ClInclude>
    <ClInclude Include="..\kinematics\kinematics\BodyGeometry.h">
      <Filter>Source Files\kinematics</Filter>
    </ClInclude>
    <ClInclude Include="..\kinematics\kinematics\Gear.h">
      <Filter>Source Files\kinematics</Filter>
    </ClInclude>
    <ClInclude Include="..\kinematics\kinematics\Joint.h">
      <Filter>Source Files\kinematics</Filter>
    </ClInclude>
    <ClInclude Include="..\kinematics\kinematics\KinematicDiagram.h">
      <Filter>Source Files\kinematics</Filter>
    </ClInclude>
    <ClInclude Include="..\kinematics\kinematics\Kinematics.h">
      <Filter>Source Files\kinematics</Filter>
    </ClInclude>
    <ClInclude Include="..\kinematics\kinematics\KinematicUtils.h">
      <Filter>Source Files\kinematics</Filter>
    </ClInclude>
    <ClInclude Include="..\kinematics\kinematics\LeastSquareSolver.h">
      <Filter>Source Files\kinematics</Filter>
    </ClInclude>
    <ClInclude Include="..\kinematics\kinematics\Link.h">
      <Filter>Source Files\kinematics</Filter>
    </ClInclude>
    <ClInclude Include="..\kinematics\kinematics\LinkageSynthesis.h">
      <Filter>Source Files\kinematics</Filter>
    </ClInclude>
    <ClInclude Include="..\kinematics\kinematics\LinkageSynthesis4R.h">
      <Filter>Source Files\kinematics</Filter>
    </ClInclude>
    <ClInclude Include="..\kinematics\kinematics\LinkageSynthesisRRRP.h">
      <Filter>Source Files\kinematics</Filter>
    </ClInclude>
    <ClInclude Include="..\kinematics\kinematics\PinJoint.h">
      <Filter>Source Files\kinematics</Filter>
    </ClInclude>
    <ClInclude Include="..\kinematics\kinematics\SliderHinge.h">
      <Filter>Source Files\kinematics</Filter>
    </ClInclude>
    <ClInclude Include="..\kinematics\kinematics\Solution.h">
      <Filter>Source Files\kinematics</Filter>
    </ClInclude>
    <ClInclude Include="..\kinematics\kinematics.h">
      <Filter>Source Files\kinematics</Filter>
    </ClInclude>
    <ClInclude Include="GeneratedFiles\ui_LinkageSynthesisOptionDialog.h">
      <Filter>Generated Files</Filter>
    </ClInclude>
    <ClInclude Include="GeneratedFiles\ui_OptionDialog.h">
      <Filter>Generated Files</Filter>
    </ClInclude>
    <ClInclude Include="..\kinematics\kinematics\JointConnector.h">
      <Filter>Source Files\kinematics</Filter>
    </ClInclude>
    <ClInclude Include="..\kinematics\kinematics\ZOrder.h">
      <Filter>Source Files\kinematics</Filter>
    </ClInclude>
    <ClInclude Include="Design.h">
      <Filter>Header Files</Filter>
    </ClInclude>
    <ClInclude Include="..\kinematics\kinematics\clipper.hpp">
      <Filter>Source Files\kinematics</Filter>
    </ClInclude>
    <ClInclude Include="..\kinematics\kinematics\SCADExporter.h">
      <Filter>Source Files\kinematics</Filter>
    </ClInclude>
    <ClInclude Include="..\kinematics\kinematics\STLExporter.h">
      <Filter>Source Files\kinematics</Filter>
    </ClInclude>
    <ClInclude Include="..\kinematics\kinematics\GLUtils.h">
      <Filter>Source Files\kinematics</Filter>
    </ClInclude>
    <ClInclude Include="..\kinematics\kinematics\Vertex.h">
      <Filter>Source Files\kinematics</Filter>
    </ClInclude>
  </ItemGroup>
</Project>